// !$*UTF8*$!
{
	archiveVersion = 1;
	classes = {
	};
	objectVersion = 56;
	objects = {

/* Begin PBXBuildFile section */
		22523AC12C4EB525005FA7F5 /* CollectionCell.swift in Sources */ = {isa = PBXBuildFile; fileRef = 22523ABF2C4EB525005FA7F5 /* CollectionCell.swift */; };
		22523AC22C4EB525005FA7F5 /* CollectionCell.xib in Resources */ = {isa = PBXBuildFile; fileRef = 22523AC02C4EB525005FA7F5 /* CollectionCell.xib */; };
		22676DB42C4ECB2600D6D82B /* DataLoader.swift in Sources */ = {isa = PBXBuildFile; fileRef = 22676DB32C4ECB2600D6D82B /* DataLoader.swift */; };
		22676DB62C4ECC4000D6D82B /* shopping.json in Resources */ = {isa = PBXBuildFile; fileRef = 22676DB52C4ECC4000D6D82B /* shopping.json */; };
		22676DBC2C4EDC9500D6D82B /* Ecommerce.xcdatamodeld in Sources */ = {isa = PBXBuildFile; fileRef = 22676DBA2C4EDC9500D6D82B /* Ecommerce.xcdatamodeld */; };
		22676DC72C4EDDA800D6D82B /* FavoriteItem+CoreDataClass.swift in Sources */ = {isa = PBXBuildFile; fileRef = 22676DBF2C4EDDA800D6D82B /* FavoriteItem+CoreDataClass.swift */; };
		22676DC82C4EDDA800D6D82B /* FavoriteItem+CoreDataProperties.swift in Sources */ = {isa = PBXBuildFile; fileRef = 22676DC02C4EDDA800D6D82B /* FavoriteItem+CoreDataProperties.swift */; };
		22676DCE2C4F6ACF00D6D82B /* SplashVC.swift in Sources */ = {isa = PBXBuildFile; fileRef = 22676DCD2C4F6ACF00D6D82B /* SplashVC.swift */; };
		22676DD32C4F7B6500D6D82B /* CategoryEntity+CoreDataClass.swift in Sources */ = {isa = PBXBuildFile; fileRef = 22676DD12C4F7B6500D6D82B /* CategoryEntity+CoreDataClass.swift */; };
		22676DD42C4F7B6500D6D82B /* CategoryEntity+CoreDataProperties.swift in Sources */ = {isa = PBXBuildFile; fileRef = 22676DD22C4F7B6500D6D82B /* CategoryEntity+CoreDataProperties.swift */; };
		22676DD72C4F7BB800D6D82B /* ProductEntity+CoreDataClass.swift in Sources */ = {isa = PBXBuildFile; fileRef = 22676DD52C4F7BB800D6D82B /* ProductEntity+CoreDataClass.swift */; };
		22676DD82C4F7BB800D6D82B /* ProductEntity+CoreDataProperties.swift in Sources */ = {isa = PBXBuildFile; fileRef = 22676DD62C4F7BB800D6D82B /* ProductEntity+CoreDataProperties.swift */; };
		22676DDB2C4F8AED00D6D82B /* FavouriteVC.swift in Sources */ = {isa = PBXBuildFile; fileRef = 22676DDA2C4F8AED00D6D82B /* FavouriteVC.swift */; };
		22676DE22C4FA4D100D6D82B /* FavouriteItemCell.swift in Sources */ = {isa = PBXBuildFile; fileRef = 22676DE02C4FA4D100D6D82B /* FavouriteItemCell.swift */; };
		22676DE32C4FA4D100D6D82B /* FavouriteItemCell.xib in Resources */ = {isa = PBXBuildFile; fileRef = 22676DE12C4FA4D100D6D82B /* FavouriteItemCell.xib */; };
		22676DE62C4FB37200D6D82B /* CartItem+CoreDataClass.swift in Sources */ = {isa = PBXBuildFile; fileRef = 22676DE42C4FB37200D6D82B /* CartItem+CoreDataClass.swift */; };
		22676DE72C4FB37200D6D82B /* CartItem+CoreDataProperties.swift in Sources */ = {isa = PBXBuildFile; fileRef = 22676DE52C4FB37200D6D82B /* CartItem+CoreDataProperties.swift */; };
		22676DEA2C4FB40900D6D82B /* CartVC.swift in Sources */ = {isa = PBXBuildFile; fileRef = 22676DE92C4FB40900D6D82B /* CartVC.swift */; };
		22676DED2C4FB43A00D6D82B /* CartCell.swift in Sources */ = {isa = PBXBuildFile; fileRef = 22676DEB2C4FB43A00D6D82B /* CartCell.swift */; };
		22676DEE2C4FB43A00D6D82B /* CartCell.xib in Resources */ = {isa = PBXBuildFile; fileRef = 22676DEC2C4FB43A00D6D82B /* CartCell.xib */; };
		22676DF02C50189500D6D82B /* PaymentVC.swift in Sources */ = {isa = PBXBuildFile; fileRef = 22676DEF2C50189500D6D82B /* PaymentVC.swift */; };
		22676DF52C501C5B00D6D82B /* UIColor+Extension.swift in Sources */ = {isa = PBXBuildFile; fileRef = 22676DF42C501C5B00D6D82B /* UIColor+Extension.swift */; };
		22676DFD2C5020E800D6D82B /* UIWindow+Extension.swift in Sources */ = {isa = PBXBuildFile; fileRef = 22676DFC2C5020E800D6D82B /* UIWindow+Extension.swift */; };
		22676DFF2C5027CC00D6D82B /* UITableView+Extension.swift in Sources */ = {isa = PBXBuildFile; fileRef = 22676DFE2C5027CC00D6D82B /* UITableView+Extension.swift */; };
		22676E042C50365300D6D82B /* README.md in Resources */ = {isa = PBXBuildFile; fileRef = 22676E032C50365300D6D82B /* README.md */; };
		22676E0A2C50368400D6D82B /* 01.png in Resources */ = {isa = PBXBuildFile; fileRef = 22676E062C50368400D6D82B /* 01.png */; };
		22676E0C2C50368400D6D82B /* 00.png in Resources */ = {isa = PBXBuildFile; fileRef = 22676E082C50368400D6D82B /* 00.png */; };
		22676E0D2C50368400D6D82B /* 03.png in Resources */ = {isa = PBXBuildFile; fileRef = 22676E092C50368400D6D82B /* 03.png */; };
		22676E112C50368C00D6D82B /* 05.png in Resources */ = {isa = PBXBuildFile; fileRef = 22676E0E2C50368C00D6D82B /* 05.png */; };
		22676E122C50368C00D6D82B /* 04.png in Resources */ = {isa = PBXBuildFile; fileRef = 22676E0F2C50368C00D6D82B /* 04.png */; };
		22676E132C50368C00D6D82B /* 02.png in Resources */ = {isa = PBXBuildFile; fileRef = 22676E102C50368C00D6D82B /* 02.png */; };
		226F00C72C4EA0A800E36CD4 /* AppDelegate.swift in Sources */ = {isa = PBXBuildFile; fileRef = 226F00C62C4EA0A800E36CD4 /* AppDelegate.swift */; };
		226F00C92C4EA0A800E36CD4 /* SceneDelegate.swift in Sources */ = {isa = PBXBuildFile; fileRef = 226F00C82C4EA0A800E36CD4 /* SceneDelegate.swift */; };
		226F00D32C4EA0A900E36CD4 /* Assets.xcassets in Resources */ = {isa = PBXBuildFile; fileRef = 226F00D22C4EA0A900E36CD4 /* Assets.xcassets */; };
		226F00D62C4EA0A900E36CD4 /* Base in Resources */ = {isa = PBXBuildFile; fileRef = 226F00D52C4EA0A900E36CD4 /* Base */; };
		226F00E12C4EA4C400E36CD4 /* Login.storyboard in Resources */ = {isa = PBXBuildFile; fileRef = 226F00E02C4EA4C400E36CD4 /* Login.storyboard */; };
		226F00E42C4EA4E200E36CD4 /* LoginVC.swift in Sources */ = {isa = PBXBuildFile; fileRef = 226F00E32C4EA4E200E36CD4 /* LoginVC.swift */; };
		226F00E72C4EA52900E36CD4 /* LoginVM.swift in Sources */ = {isa = PBXBuildFile; fileRef = 226F00E62C4EA52900E36CD4 /* LoginVM.swift */; };
		226F00EB2C4EA75400E36CD4 /* Dashboard.storyboard in Resources */ = {isa = PBXBuildFile; fileRef = 226F00EA2C4EA75400E36CD4 /* Dashboard.storyboard */; };
		226F00ED2C4EA7EA00E36CD4 /* DashboardVC.swift in Sources */ = {isa = PBXBuildFile; fileRef = 226F00EC2C4EA7EA00E36CD4 /* DashboardVC.swift */; };
		226F00EF2C4EA9A000E36CD4 /* DashboardCell.swift in Sources */ = {isa = PBXBuildFile; fileRef = 226F00EE2C4EA9A000E36CD4 /* DashboardCell.swift */; };
		22C7855D2C4EBD3000A76816 /* ProductModel.swift in Sources */ = {isa = PBXBuildFile; fileRef = 22C7855C2C4EBD3000A76816 /* ProductModel.swift */; };
		22C7855F2C4EBD4300A76816 /* CoreDataHelper.swift in Sources */ = {isa = PBXBuildFile; fileRef = 22C7855E2C4EBD4300A76816 /* CoreDataHelper.swift */; };
		22C785612C4EBE4300A76816 /* CoreDataManager.swift in Sources */ = {isa = PBXBuildFile; fileRef = 22C785602C4EBE4300A76816 /* CoreDataManager.swift */; };
		DB9E1133F8DB83BF7DDD71E5 /* Pods_Ecommerce.framework in Frameworks */ = {isa = PBXBuildFile; fileRef = 395039661E75E6F31D590546 /* Pods_Ecommerce.framework */; };
/* End PBXBuildFile section */

/* Begin PBXFileReference section */
		05C9E2374231673B743C59BF /* Pods-Ecommerce.release.xcconfig */ = {isa = PBXFileReference; includeInIndex = 1; lastKnownFileType = text.xcconfig; name = "Pods-Ecommerce.release.xcconfig"; path = "Target Support Files/Pods-Ecommerce/Pods-Ecommerce.release.xcconfig"; sourceTree = "<group>"; };
		22523ABF2C4EB525005FA7F5 /* CollectionCell.swift */ = {isa = PBXFileReference; lastKnownFileType = sourcecode.swift; path = CollectionCell.swift; sourceTree = "<group>"; };
		22523AC02C4EB525005FA7F5 /* CollectionCell.xib */ = {isa = PBXFileReference; lastKnownFileType = file.xib; path = CollectionCell.xib; sourceTree = "<group>"; };
		22676DB32C4ECB2600D6D82B /* DataLoader.swift */ = {isa = PBXFileReference; lastKnownFileType = sourcecode.swift; path = DataLoader.swift; sourceTree = "<group>"; };
		22676DB52C4ECC4000D6D82B /* shopping.json */ = {isa = PBXFileReference; fileEncoding = 4; lastKnownFileType = text.json; path = shopping.json; sourceTree = "<group>"; };
		22676DBB2C4EDC9500D6D82B /* Ecommerce.xcdatamodel */ = {isa = PBXFileReference; lastKnownFileType = wrapper.xcdatamodel; path = Ecommerce.xcdatamodel; sourceTree = "<group>"; };
		22676DBF2C4EDDA800D6D82B /* FavoriteItem+CoreDataClass.swift */ = {isa = PBXFileReference; lastKnownFileType = sourcecode.swift; path = "FavoriteItem+CoreDataClass.swift"; sourceTree = "<group>"; };
		22676DC02C4EDDA800D6D82B /* FavoriteItem+CoreDataProperties.swift */ = {isa = PBXFileReference; lastKnownFileType = sourcecode.swift; path = "FavoriteItem+CoreDataProperties.swift"; sourceTree = "<group>"; };
		22676DCD2C4F6ACF00D6D82B /* SplashVC.swift */ = {isa = PBXFileReference; lastKnownFileType = sourcecode.swift; path = SplashVC.swift; sourceTree = "<group>"; };
		22676DD12C4F7B6500D6D82B /* CategoryEntity+CoreDataClass.swift */ = {isa = PBXFileReference; lastKnownFileType = sourcecode.swift; path = "CategoryEntity+CoreDataClass.swift"; sourceTree = "<group>"; };
		22676DD22C4F7B6500D6D82B /* CategoryEntity+CoreDataProperties.swift */ = {isa = PBXFileReference; lastKnownFileType = sourcecode.swift; path = "CategoryEntity+CoreDataProperties.swift"; sourceTree = "<group>"; };
		22676DD52C4F7BB800D6D82B /* ProductEntity+CoreDataClass.swift */ = {isa = PBXFileReference; lastKnownFileType = sourcecode.swift; path = "ProductEntity+CoreDataClass.swift"; sourceTree = "<group>"; };
		22676DD62C4F7BB800D6D82B /* ProductEntity+CoreDataProperties.swift */ = {isa = PBXFileReference; lastKnownFileType = sourcecode.swift; path = "ProductEntity+CoreDataProperties.swift"; sourceTree = "<group>"; };
		22676DDA2C4F8AED00D6D82B /* FavouriteVC.swift */ = {isa = PBXFileReference; lastKnownFileType = sourcecode.swift; path = FavouriteVC.swift; sourceTree = "<group>"; };
		22676DE02C4FA4D100D6D82B /* FavouriteItemCell.swift */ = {isa = PBXFileReference; lastKnownFileType = sourcecode.swift; path = FavouriteItemCell.swift; sourceTree = "<group>"; };
		22676DE12C4FA4D100D6D82B /* FavouriteItemCell.xib */ = {isa = PBXFileReference; lastKnownFileType = file.xib; path = FavouriteItemCell.xib; sourceTree = "<group>"; };
		22676DE42C4FB37200D6D82B /* CartItem+CoreDataClass.swift */ = {isa = PBXFileReference; lastKnownFileType = sourcecode.swift; path = "CartItem+CoreDataClass.swift"; sourceTree = "<group>"; };
		22676DE52C4FB37200D6D82B /* CartItem+CoreDataProperties.swift */ = {isa = PBXFileReference; lastKnownFileType = sourcecode.swift; path = "CartItem+CoreDataProperties.swift"; sourceTree = "<group>"; };
		22676DE92C4FB40900D6D82B /* CartVC.swift */ = {isa = PBXFileReference; lastKnownFileType = sourcecode.swift; path = CartVC.swift; sourceTree = "<group>"; };
		22676DEB2C4FB43A00D6D82B /* CartCell.swift */ = {isa = PBXFileReference; lastKnownFileType = sourcecode.swift; path = CartCell.swift; sourceTree = "<group>"; };
		22676DEC2C4FB43A00D6D82B /* CartCell.xib */ = {isa = PBXFileReference; lastKnownFileType = file.xib; path = CartCell.xib; sourceTree = "<group>"; };
		22676DEF2C50189500D6D82B /* PaymentVC.swift */ = {isa = PBXFileReference; lastKnownFileType = sourcecode.swift; path = PaymentVC.swift; sourceTree = "<group>"; };
		22676DF42C501C5B00D6D82B /* UIColor+Extension.swift */ = {isa = PBXFileReference; lastKnownFileType = sourcecode.swift; path = "UIColor+Extension.swift"; sourceTree = "<group>"; };
		22676DFC2C5020E800D6D82B /* UIWindow+Extension.swift */ = {isa = PBXFileReference; lastKnownFileType = sourcecode.swift; path = "UIWindow+Extension.swift"; sourceTree = "<group>"; };
		22676DFE2C5027CC00D6D82B /* UITableView+Extension.swift */ = {isa = PBXFileReference; lastKnownFileType = sourcecode.swift; path = "UITableView+Extension.swift"; sourceTree = "<group>"; };
		22676E032C50365300D6D82B /* README.md */ = {isa = PBXFileReference; fileEncoding = 4; lastKnownFileType = net.daringfireball.markdown; path = README.md; sourceTree = "<group>"; };
		22676E062C50368400D6D82B /* 01.png */ = {isa = PBXFileReference; lastKnownFileType = image.png; path = 01.png; sourceTree = "<group>"; };
		22676E082C50368400D6D82B /* 00.png */ = {isa = PBXFileReference; lastKnownFileType = image.png; path = 00.png; sourceTree = "<group>"; };
		22676E092C50368400D6D82B /* 03.png */ = {isa = PBXFileReference; lastKnownFileType = image.png; path = 03.png; sourceTree = "<group>"; };
		22676E0E2C50368C00D6D82B /* 05.png */ = {isa = PBXFileReference; lastKnownFileType = image.png; path = 05.png; sourceTree = "<group>"; };
		22676E0F2C50368C00D6D82B /* 04.png */ = {isa = PBXFileReference; lastKnownFileType = image.png; path = 04.png; sourceTree = "<group>"; };
		22676E102C50368C00D6D82B /* 02.png */ = {isa = PBXFileReference; lastKnownFileType = image.png; path = 02.png; sourceTree = "<group>"; };
		226F00C32C4EA0A800E36CD4 /* Ecommerce.app */ = {isa = PBXFileReference; explicitFileType = wrapper.application; includeInIndex = 0; path = Ecommerce.app; sourceTree = BUILT_PRODUCTS_DIR; };
		226F00C62C4EA0A800E36CD4 /* AppDelegate.swift */ = {isa = PBXFileReference; lastKnownFileType = sourcecode.swift; path = AppDelegate.swift; sourceTree = "<group>"; };
		226F00C82C4EA0A800E36CD4 /* SceneDelegate.swift */ = {isa = PBXFileReference; lastKnownFileType = sourcecode.swift; path = SceneDelegate.swift; sourceTree = "<group>"; };
		226F00D22C4EA0A900E36CD4 /* Assets.xcassets */ = {isa = PBXFileReference; lastKnownFileType = folder.assetcatalog; path = Assets.xcassets; sourceTree = "<group>"; };
		226F00D52C4EA0A900E36CD4 /* Base */ = {isa = PBXFileReference; lastKnownFileType = file.storyboard; name = Base; path = Base.lproj/LaunchScreen.storyboard; sourceTree = "<group>"; };
		226F00D72C4EA0A900E36CD4 /* Info.plist */ = {isa = PBXFileReference; lastKnownFileType = text.plist.xml; path = Info.plist; sourceTree = "<group>"; };
		226F00E02C4EA4C400E36CD4 /* Login.storyboard */ = {isa = PBXFileReference; lastKnownFileType = file.storyboard; path = Login.storyboard; sourceTree = "<group>"; };
		226F00E32C4EA4E200E36CD4 /* LoginVC.swift */ = {isa = PBXFileReference; lastKnownFileType = sourcecode.swift; path = LoginVC.swift; sourceTree = "<group>"; };
		226F00E62C4EA52900E36CD4 /* LoginVM.swift */ = {isa = PBXFileReference; lastKnownFileType = sourcecode.swift; path = LoginVM.swift; sourceTree = "<group>"; };
		226F00EA2C4EA75400E36CD4 /* Dashboard.storyboard */ = {isa = PBXFileReference; lastKnownFileType = file.storyboard; path = Dashboard.storyboard; sourceTree = "<group>"; };
		226F00EC2C4EA7EA00E36CD4 /* DashboardVC.swift */ = {isa = PBXFileReference; lastKnownFileType = sourcecode.swift; path = DashboardVC.swift; sourceTree = "<group>"; };
		226F00EE2C4EA9A000E36CD4 /* DashboardCell.swift */ = {isa = PBXFileReference; lastKnownFileType = sourcecode.swift; path = DashboardCell.swift; sourceTree = "<group>"; };
		22C7855C2C4EBD3000A76816 /* ProductModel.swift */ = {isa = PBXFileReference; lastKnownFileType = sourcecode.swift; path = ProductModel.swift; sourceTree = "<group>"; };
		22C7855E2C4EBD4300A76816 /* CoreDataHelper.swift */ = {isa = PBXFileReference; lastKnownFileType = sourcecode.swift; path = CoreDataHelper.swift; sourceTree = "<group>"; };
		22C785602C4EBE4300A76816 /* CoreDataManager.swift */ = {isa = PBXFileReference; lastKnownFileType = sourcecode.swift; path = CoreDataManager.swift; sourceTree = "<group>"; };
		395039661E75E6F31D590546 /* Pods_Ecommerce.framework */ = {isa = PBXFileReference; explicitFileType = wrapper.framework; includeInIndex = 0; path = Pods_Ecommerce.framework; sourceTree = BUILT_PRODUCTS_DIR; };
		B76C16FFBF80F885CFC1963D /* Pods-Ecommerce.debug.xcconfig */ = {isa = PBXFileReference; includeInIndex = 1; lastKnownFileType = text.xcconfig; name = "Pods-Ecommerce.debug.xcconfig"; path = "Target Support Files/Pods-Ecommerce/Pods-Ecommerce.debug.xcconfig"; sourceTree = "<group>"; };
/* End PBXFileReference section */

/* Begin PBXFrameworksBuildPhase section */
		226F00C02C4EA0A800E36CD4 /* Frameworks */ = {
			isa = PBXFrameworksBuildPhase;
			buildActionMask = 2147483647;
			files = (
				DB9E1133F8DB83BF7DDD71E5 /* Pods_Ecommerce.framework in Frameworks */,
			);
			runOnlyForDeploymentPostprocessing = 0;
		};
/* End PBXFrameworksBuildPhase section */

/* Begin PBXGroup section */
		22676DD92C4F8AD500D6D82B /* Favourites */ = {
			isa = PBXGroup;
			children = (
				22676DF92C501CF900D6D82B /* Cells */,
				22676DF82C501CEF00D6D82B /* Controller */,
			);
			path = Favourites;
			sourceTree = "<group>";
		};
		22676DE82C4FB3FA00D6D82B /* Cart */ = {
			isa = PBXGroup;
			children = (
				22676DFB2C501D1500D6D82B /* Cells */,
				22676DFA2C501D0800D6D82B /* Controller */,
			);
			path = Cart;
			sourceTree = "<group>";
		};
		22676DF12C501C0C00D6D82B /* CoreData */ = {
			isa = PBXGroup;
			children = (
				22676DF22C501C2700D6D82B /* EnitiyClasses */,
				22676DB32C4ECB2600D6D82B /* DataLoader.swift */,
				22C7855E2C4EBD4300A76816 /* CoreDataHelper.swift */,
				22C785602C4EBE4300A76816 /* CoreDataManager.swift */,
			);
			path = CoreData;
			sourceTree = "<group>";
		};
		22676DF22C501C2700D6D82B /* EnitiyClasses */ = {
			isa = PBXGroup;
			children = (
				22676DE42C4FB37200D6D82B /* CartItem+CoreDataClass.swift */,
				22676DE52C4FB37200D6D82B /* CartItem+CoreDataProperties.swift */,
				22676DD52C4F7BB800D6D82B /* ProductEntity+CoreDataClass.swift */,
				22676DD62C4F7BB800D6D82B /* ProductEntity+CoreDataProperties.swift */,
				22676DD12C4F7B6500D6D82B /* CategoryEntity+CoreDataClass.swift */,
				22676DD22C4F7B6500D6D82B /* CategoryEntity+CoreDataProperties.swift */,
				22676DBF2C4EDDA800D6D82B /* FavoriteItem+CoreDataClass.swift */,
				22676DC02C4EDDA800D6D82B /* FavoriteItem+CoreDataProperties.swift */,
			);
			path = EnitiyClasses;
			sourceTree = "<group>";
		};
		22676DF32C501C4600D6D82B /* Extension */ = {
			isa = PBXGroup;
			children = (
				22676DF42C501C5B00D6D82B /* UIColor+Extension.swift */,
				22676DFC2C5020E800D6D82B /* UIWindow+Extension.swift */,
				22676DFE2C5027CC00D6D82B /* UITableView+Extension.swift */,
			);
			path = Extension;
			sourceTree = "<group>";
		};
		22676DF62C501CBF00D6D82B /* Cells */ = {
			isa = PBXGroup;
			children = (
				226F00EE2C4EA9A000E36CD4 /* DashboardCell.swift */,
				22523ABF2C4EB525005FA7F5 /* CollectionCell.swift */,
				22523AC02C4EB525005FA7F5 /* CollectionCell.xib */,
			);
			path = Cells;
			sourceTree = "<group>";
		};
		22676DF72C501CD700D6D82B /* Controller */ = {
			isa = PBXGroup;
			children = (
				226F00EC2C4EA7EA00E36CD4 /* DashboardVC.swift */,
			);
			path = Controller;
			sourceTree = "<group>";
		};
		22676DF82C501CEF00D6D82B /* Controller */ = {
			isa = PBXGroup;
			children = (
				22676DDA2C4F8AED00D6D82B /* FavouriteVC.swift */,
			);
			path = Controller;
			sourceTree = "<group>";
		};
		22676DF92C501CF900D6D82B /* Cells */ = {
			isa = PBXGroup;
			children = (
				22676DE02C4FA4D100D6D82B /* FavouriteItemCell.swift */,
				22676DE12C4FA4D100D6D82B /* FavouriteItemCell.xib */,
			);
			path = Cells;
			sourceTree = "<group>";
		};
		22676DFA2C501D0800D6D82B /* Controller */ = {
			isa = PBXGroup;
			children = (
				22676DEF2C50189500D6D82B /* PaymentVC.swift */,
				22676DE92C4FB40900D6D82B /* CartVC.swift */,
			);
			path = Controller;
			sourceTree = "<group>";
		};
		22676DFB2C501D1500D6D82B /* Cells */ = {
			isa = PBXGroup;
			children = (
				22676DEB2C4FB43A00D6D82B /* CartCell.swift */,
				22676DEC2C4FB43A00D6D82B /* CartCell.xib */,
			);
			path = Cells;
			sourceTree = "<group>";
		};
		22676E022C502EA900D6D82B /* Resources */ = {
			isa = PBXGroup;
			children = (
				22676E052C50366400D6D82B /* Screenshots */,
				22676DB52C4ECC4000D6D82B /* shopping.json */,
			);
			path = Resources;
			sourceTree = "<group>";
		};
		22676E052C50366400D6D82B /* Screenshots */ = {
			isa = PBXGroup;
			children = (
				22676E102C50368C00D6D82B /* 02.png */,
				22676E0E2C50368C00D6D82B /* 05.png */,
				22676E0F2C50368C00D6D82B /* 04.png */,
				22676E082C50368400D6D82B /* 00.png */,
				22676E062C50368400D6D82B /* 01.png */,
				22676E092C50368400D6D82B /* 03.png */,
			);
			path = Screenshots;
			sourceTree = "<group>";
		};
		226F00BA2C4EA0A800E36CD4 = {
			isa = PBXGroup;
			children = (
				22676E032C50365300D6D82B /* README.md */,
				22676DBA2C4EDC9500D6D82B /* Ecommerce.xcdatamodeld */,
				226F00C52C4EA0A800E36CD4 /* Ecommerce */,
				226F00C42C4EA0A800E36CD4 /* Products */,
				5B5BF10A8700A525BF8A7212 /* Pods */,
				2F367ABC27ECC69A4A97899E /* Frameworks */,
			);
			sourceTree = "<group>";
		};
		226F00C42C4EA0A800E36CD4 /* Products */ = {
			isa = PBXGroup;
			children = (
				226F00C32C4EA0A800E36CD4 /* Ecommerce.app */,
			);
			name = Products;
			sourceTree = "<group>";
		};
		226F00C52C4EA0A800E36CD4 /* Ecommerce */ = {
			isa = PBXGroup;
			children = (
				22676E022C502EA900D6D82B /* Resources */,
				22676DF32C501C4600D6D82B /* Extension */,
				22676DF12C501C0C00D6D82B /* CoreData */,
				22C7855B2C4EBD1C00A76816 /* Model */,
				226F00DD2C4EA49400E36CD4 /* Modules */,
				226F00C62C4EA0A800E36CD4 /* AppDelegate.swift */,
				226F00C82C4EA0A800E36CD4 /* SceneDelegate.swift */,
				226F00D22C4EA0A900E36CD4 /* Assets.xcassets */,
				226F00D42C4EA0A900E36CD4 /* LaunchScreen.storyboard */,
				226F00D72C4EA0A900E36CD4 /* Info.plist */,
			);
			path = Ecommerce;
			sourceTree = "<group>";
		};
		226F00DD2C4EA49400E36CD4 /* Modules */ = {
			isa = PBXGroup;
			children = (
				22676DE82C4FB3FA00D6D82B /* Cart */,
				22676DD92C4F8AD500D6D82B /* Favourites */,
				226F00E82C4EA73800E36CD4 /* Dashboard */,
				226F00DE2C4EA4B300E36CD4 /* Login */,
			);
			path = Modules;
			sourceTree = "<group>";
		};
		226F00DE2C4EA4B300E36CD4 /* Login */ = {
			isa = PBXGroup;
			children = (
				226F00E52C4EA51900E36CD4 /* ViewModel */,
				226F00E22C4EA4D100E36CD4 /* Controller */,
				226F00DF2C4EA4B900E36CD4 /* View */,
			);
			path = Login;
			sourceTree = "<group>";
		};
		226F00DF2C4EA4B900E36CD4 /* View */ = {
			isa = PBXGroup;
			children = (
				226F00E02C4EA4C400E36CD4 /* Login.storyboard */,
			);
			path = View;
			sourceTree = "<group>";
		};
		226F00E22C4EA4D100E36CD4 /* Controller */ = {
			isa = PBXGroup;
			children = (
				226F00E32C4EA4E200E36CD4 /* LoginVC.swift */,
				22676DCD2C4F6ACF00D6D82B /* SplashVC.swift */,
			);
			path = Controller;
			sourceTree = "<group>";
		};
		226F00E52C4EA51900E36CD4 /* ViewModel */ = {
			isa = PBXGroup;
			children = (
				226F00E62C4EA52900E36CD4 /* LoginVM.swift */,
			);
			path = ViewModel;
			sourceTree = "<group>";
		};
		226F00E82C4EA73800E36CD4 /* Dashboard */ = {
			isa = PBXGroup;
			children = (
				22676DF72C501CD700D6D82B /* Controller */,
				226F00E92C4EA73E00E36CD4 /* View */,
			);
			path = Dashboard;
			sourceTree = "<group>";
		};
		226F00E92C4EA73E00E36CD4 /* View */ = {
			isa = PBXGroup;
			children = (
				226F00EA2C4EA75400E36CD4 /* Dashboard.storyboard */,
				22676DF62C501CBF00D6D82B /* Cells */,
			);
			path = View;
			sourceTree = "<group>";
		};
		22C7855B2C4EBD1C00A76816 /* Model */ = {
			isa = PBXGroup;
			children = (
				22C7855C2C4EBD3000A76816 /* ProductModel.swift */,
			);
			path = Model;
			sourceTree = "<group>";
		};
		2F367ABC27ECC69A4A97899E /* Frameworks */ = {
			isa = PBXGroup;
			children = (
				395039661E75E6F31D590546 /* Pods_Ecommerce.framework */,
			);
			name = Frameworks;
			sourceTree = "<group>";
		};
		5B5BF10A8700A525BF8A7212 /* Pods */ = {
			isa = PBXGroup;
			children = (
				B76C16FFBF80F885CFC1963D /* Pods-Ecommerce.debug.xcconfig */,
				05C9E2374231673B743C59BF /* Pods-Ecommerce.release.xcconfig */,
			);
			path = Pods;
			sourceTree = "<group>";
		};
/* End PBXGroup section */

/* Begin PBXNativeTarget section */
		226F00C22C4EA0A800E36CD4 /* Ecommerce */ = {
			isa = PBXNativeTarget;
			buildConfigurationList = 226F00DA2C4EA0A900E36CD4 /* Build configuration list for PBXNativeTarget "Ecommerce" */;
			buildPhases = (
				7EFD11453F82DBD7FAD27EF2 /* [CP] Check Pods Manifest.lock */,
				226F00BF2C4EA0A800E36CD4 /* Sources */,
				226F00C02C4EA0A800E36CD4 /* Frameworks */,
				226F00C12C4EA0A800E36CD4 /* Resources */,
				9551AF683F3F433A808ED308 /* [CP] Embed Pods Frameworks */,
			);
			buildRules = (
			);
			dependencies = (
			);
			name = Ecommerce;
			productName = Ecommerce;
			productReference = 226F00C32C4EA0A800E36CD4 /* Ecommerce.app */;
			productType = "com.apple.product-type.application";
		};
/* End PBXNativeTarget section */

/* Begin PBXProject section */
		226F00BB2C4EA0A800E36CD4 /* Project object */ = {
			isa = PBXProject;
			attributes = {
				BuildIndependentTargetsInParallel = 1;
				LastSwiftUpdateCheck = 1540;
				LastUpgradeCheck = 1540;
				TargetAttributes = {
					226F00C22C4EA0A800E36CD4 = {
						CreatedOnToolsVersion = 15.4;
					};
				};
			};
			buildConfigurationList = 226F00BE2C4EA0A800E36CD4 /* Build configuration list for PBXProject "Ecommerce" */;
			compatibilityVersion = "Xcode 14.0";
			developmentRegion = en;
			hasScannedForEncodings = 0;
			knownRegions = (
				en,
				Base,
			);
			mainGroup = 226F00BA2C4EA0A800E36CD4;
			productRefGroup = 226F00C42C4EA0A800E36CD4 /* Products */;
			projectDirPath = "";
			projectRoot = "";
			targets = (
				226F00C22C4EA0A800E36CD4 /* Ecommerce */,
			);
		};
/* End PBXProject section */

/* Begin PBXResourcesBuildPhase section */
		226F00C12C4EA0A800E36CD4 /* Resources */ = {
			isa = PBXResourcesBuildPhase;
			buildActionMask = 2147483647;
			files = (
				22676E0A2C50368400D6D82B /* 01.png in Resources */,
				22523AC22C4EB525005FA7F5 /* CollectionCell.xib in Resources */,
				22676E0D2C50368400D6D82B /* 03.png in Resources */,
				22676DB62C4ECC4000D6D82B /* shopping.json in Resources */,
				226F00E12C4EA4C400E36CD4 /* Login.storyboard in Resources */,
				22676DE32C4FA4D100D6D82B /* FavouriteItemCell.xib in Resources */,
				226F00D32C4EA0A900E36CD4 /* Assets.xcassets in Resources */,
				226F00D62C4EA0A900E36CD4 /* Base in Resources */,
				22676E112C50368C00D6D82B /* 05.png in Resources */,
				22676E042C50365300D6D82B /* README.md in Resources */,
				226F00EB2C4EA75400E36CD4 /* Dashboard.storyboard in Resources */,
				22676E132C50368C00D6D82B /* 02.png in Resources */,
				22676E0C2C50368400D6D82B /* 00.png in Resources */,
				22676E122C50368C00D6D82B /* 04.png in Resources */,
				22676DEE2C4FB43A00D6D82B /* CartCell.xib in Resources */,
			);
			runOnlyForDeploymentPostprocessing = 0;
		};
/* End PBXResourcesBuildPhase section */

/* Begin PBXShellScriptBuildPhase section */
		7EFD11453F82DBD7FAD27EF2 /* [CP] Check Pods Manifest.lock */ = {
			isa = PBXShellScriptBuildPhase;
			buildActionMask = 2147483647;
			files = (
			);
			inputFileListPaths = (
			);
			inputPaths = (
				"${PODS_PODFILE_DIR_PATH}/Podfile.lock",
				"${PODS_ROOT}/Manifest.lock",
			);
			name = "[CP] Check Pods Manifest.lock";
			outputFileListPaths = (
			);
			outputPaths = (
				"$(DERIVED_FILE_DIR)/Pods-Ecommerce-checkManifestLockResult.txt",
			);
			runOnlyForDeploymentPostprocessing = 0;
			shellPath = /bin/sh;
			shellScript = "diff \"${PODS_PODFILE_DIR_PATH}/Podfile.lock\" \"${PODS_ROOT}/Manifest.lock\" > /dev/null\nif [ $? != 0 ] ; then\n    # print error to STDERR\n    echo \"error: The sandbox is not in sync with the Podfile.lock. Run 'pod install' or update your CocoaPods installation.\" >&2\n    exit 1\nfi\n# This output is used by Xcode 'outputs' to avoid re-running this script phase.\necho \"SUCCESS\" > \"${SCRIPT_OUTPUT_FILE_0}\"\n";
			showEnvVarsInLog = 0;
		};
		9551AF683F3F433A808ED308 /* [CP] Embed Pods Frameworks */ = {
			isa = PBXShellScriptBuildPhase;
			buildActionMask = 2147483647;
			files = (
			);
			inputFileListPaths = (
				"${PODS_ROOT}/Target Support Files/Pods-Ecommerce/Pods-Ecommerce-frameworks-${CONFIGURATION}-input-files.xcfilelist",
			);
			name = "[CP] Embed Pods Frameworks";
			outputFileListPaths = (
				"${PODS_ROOT}/Target Support Files/Pods-Ecommerce/Pods-Ecommerce-frameworks-${CONFIGURATION}-output-files.xcfilelist",
			);
			runOnlyForDeploymentPostprocessing = 0;
			shellPath = /bin/sh;
			shellScript = "\"${PODS_ROOT}/Target Support Files/Pods-Ecommerce/Pods-Ecommerce-frameworks.sh\"\n";
			showEnvVarsInLog = 0;
		};
/* End PBXShellScriptBuildPhase section */

/* Begin PBXSourcesBuildPhase section */
		226F00BF2C4EA0A800E36CD4 /* Sources */ = {
			isa = PBXSourcesBuildPhase;
			buildActionMask = 2147483647;
			files = (
				226F00C72C4EA0A800E36CD4 /* AppDelegate.swift in Sources */,
				22676DB42C4ECB2600D6D82B /* DataLoader.swift in Sources */,
				22676DEA2C4FB40900D6D82B /* CartVC.swift in Sources */,
				22676DF52C501C5B00D6D82B /* UIColor+Extension.swift in Sources */,
				22676DF02C50189500D6D82B /* PaymentVC.swift in Sources */,
				22523AC12C4EB525005FA7F5 /* CollectionCell.swift in Sources */,
				226F00ED2C4EA7EA00E36CD4 /* DashboardVC.swift in Sources */,
				22676DE62C4FB37200D6D82B /* CartItem+CoreDataClass.swift in Sources */,
				22676DED2C4FB43A00D6D82B /* CartCell.swift in Sources */,
				22676DFD2C5020E800D6D82B /* UIWindow+Extension.swift in Sources */,
				22676DE72C4FB37200D6D82B /* CartItem+CoreDataProperties.swift in Sources */,
				22676DBC2C4EDC9500D6D82B /* Ecommerce.xcdatamodeld in Sources */,
				226F00E72C4EA52900E36CD4 /* LoginVM.swift in Sources */,
				22C785612C4EBE4300A76816 /* CoreDataManager.swift in Sources */,
				226F00C92C4EA0A800E36CD4 /* SceneDelegate.swift in Sources */,
				22676DD72C4F7BB800D6D82B /* ProductEntity+CoreDataClass.swift in Sources */,
				22676DD82C4F7BB800D6D82B /* ProductEntity+CoreDataProperties.swift in Sources */,
				226F00EF2C4EA9A000E36CD4 /* DashboardCell.swift in Sources */,
				226F00E42C4EA4E200E36CD4 /* LoginVC.swift in Sources */,
				22676DFF2C5027CC00D6D82B /* UITableView+Extension.swift in Sources */,
				22C7855D2C4EBD3000A76816 /* ProductModel.swift in Sources */,
				22676DC72C4EDDA800D6D82B /* FavoriteItem+CoreDataClass.swift in Sources */,
				22676DD32C4F7B6500D6D82B /* CategoryEntity+CoreDataClass.swift in Sources */,
				22676DD42C4F7B6500D6D82B /* CategoryEntity+CoreDataProperties.swift in Sources */,
				22676DC82C4EDDA800D6D82B /* FavoriteItem+CoreDataProperties.swift in Sources */,
				22676DDB2C4F8AED00D6D82B /* FavouriteVC.swift in Sources */,
				22676DE22C4FA4D100D6D82B /* FavouriteItemCell.swift in Sources */,
				22C7855F2C4EBD4300A76816 /* CoreDataHelper.swift in Sources */,
				22676DCE2C4F6ACF00D6D82B /* SplashVC.swift in Sources */,
			);
			runOnlyForDeploymentPostprocessing = 0;
		};
/* End PBXSourcesBuildPhase section */

/* Begin PBXVariantGroup section */
		226F00D42C4EA0A900E36CD4 /* LaunchScreen.storyboard */ = {
			isa = PBXVariantGroup;
			children = (
				226F00D52C4EA0A900E36CD4 /* Base */,
			);
			name = LaunchScreen.storyboard;
			sourceTree = "<group>";
		};
/* End PBXVariantGroup section */

/* Begin XCBuildConfiguration section */
		226F00D82C4EA0A900E36CD4 /* Debug */ = {
			isa = XCBuildConfiguration;
			buildSettings = {
				ALWAYS_SEARCH_USER_PATHS = NO;
				ASSETCATALOG_COMPILER_GENERATE_SWIFT_ASSET_SYMBOL_EXTENSIONS = YES;
				CLANG_ANALYZER_NONNULL = YES;
				CLANG_ANALYZER_NUMBER_OBJECT_CONVERSION = YES_AGGRESSIVE;
				CLANG_CXX_LANGUAGE_STANDARD = "gnu++20";
				CLANG_ENABLE_MODULES = YES;
				CLANG_ENABLE_OBJC_ARC = YES;
				CLANG_ENABLE_OBJC_WEAK = YES;
				CLANG_WARN_BLOCK_CAPTURE_AUTORELEASING = YES;
				CLANG_WARN_BOOL_CONVERSION = YES;
				CLANG_WARN_COMMA = YES;
				CLANG_WARN_CONSTANT_CONVERSION = YES;
				CLANG_WARN_DEPRECATED_OBJC_IMPLEMENTATIONS = YES;
				CLANG_WARN_DIRECT_OBJC_ISA_USAGE = YES_ERROR;
				CLANG_WARN_DOCUMENTATION_COMMENTS = YES;
				CLANG_WARN_EMPTY_BODY = YES;
				CLANG_WARN_ENUM_CONVERSION = YES;
				CLANG_WARN_INFINITE_RECURSION = YES;
				CLANG_WARN_INT_CONVERSION = YES;
				CLANG_WARN_NON_LITERAL_NULL_CONVERSION = YES;
				CLANG_WARN_OBJC_IMPLICIT_RETAIN_SELF = YES;
				CLANG_WARN_OBJC_LITERAL_CONVERSION = YES;
				CLANG_WARN_OBJC_ROOT_CLASS = YES_ERROR;
				CLANG_WARN_QUOTED_INCLUDE_IN_FRAMEWORK_HEADER = YES;
				CLANG_WARN_RANGE_LOOP_ANALYSIS = YES;
				CLANG_WARN_STRICT_PROTOTYPES = YES;
				CLANG_WARN_SUSPICIOUS_MOVE = YES;
				CLANG_WARN_UNGUARDED_AVAILABILITY = YES_AGGRESSIVE;
				CLANG_WARN_UNREACHABLE_CODE = YES;
				CLANG_WARN__DUPLICATE_METHOD_MATCH = YES;
				COPY_PHASE_STRIP = NO;
				DEBUG_INFORMATION_FORMAT = dwarf;
				ENABLE_STRICT_OBJC_MSGSEND = YES;
				ENABLE_TESTABILITY = YES;
				ENABLE_USER_SCRIPT_SANDBOXING = NO;
				GCC_C_LANGUAGE_STANDARD = gnu17;
				GCC_DYNAMIC_NO_PIC = NO;
				GCC_NO_COMMON_BLOCKS = YES;
				GCC_OPTIMIZATION_LEVEL = 0;
				GCC_PREPROCESSOR_DEFINITIONS = (
					"DEBUG=1",
					"$(inherited)",
				);
				GCC_WARN_64_TO_32_BIT_CONVERSION = YES;
				GCC_WARN_ABOUT_RETURN_TYPE = YES_ERROR;
				GCC_WARN_UNDECLARED_SELECTOR = YES;
				GCC_WARN_UNINITIALIZED_AUTOS = YES_AGGRESSIVE;
				GCC_WARN_UNUSED_FUNCTION = YES;
				GCC_WARN_UNUSED_VARIABLE = YES;
				IPHONEOS_DEPLOYMENT_TARGET = 17.5;
				LOCALIZATION_PREFERS_STRING_CATALOGS = YES;
				MTL_ENABLE_DEBUG_INFO = INCLUDE_SOURCE;
				MTL_FAST_MATH = YES;
				ONLY_ACTIVE_ARCH = YES;
				SDKROOT = iphoneos;
				SWIFT_ACTIVE_COMPILATION_CONDITIONS = "DEBUG $(inherited)";
				SWIFT_OPTIMIZATION_LEVEL = "-Onone";
			};
			name = Debug;
		};
		226F00D92C4EA0A900E36CD4 /* Release */ = {
			isa = XCBuildConfiguration;
			buildSettings = {
				ALWAYS_SEARCH_USER_PATHS = NO;
				ASSETCATALOG_COMPILER_GENERATE_SWIFT_ASSET_SYMBOL_EXTENSIONS = YES;
				CLANG_ANALYZER_NONNULL = YES;
				CLANG_ANALYZER_NUMBER_OBJECT_CONVERSION = YES_AGGRESSIVE;
				CLANG_CXX_LANGUAGE_STANDARD = "gnu++20";
				CLANG_ENABLE_MODULES = YES;
				CLANG_ENABLE_OBJC_ARC = YES;
				CLANG_ENABLE_OBJC_WEAK = YES;
				CLANG_WARN_BLOCK_CAPTURE_AUTORELEASING = YES;
				CLANG_WARN_BOOL_CONVERSION = YES;
				CLANG_WARN_COMMA = YES;
				CLANG_WARN_CONSTANT_CONVERSION = YES;
				CLANG_WARN_DEPRECATED_OBJC_IMPLEMENTATIONS = YES;
				CLANG_WARN_DIRECT_OBJC_ISA_USAGE = YES_ERROR;
				CLANG_WARN_DOCUMENTATION_COMMENTS = YES;
				CLANG_WARN_EMPTY_BODY = YES;
				CLANG_WARN_ENUM_CONVERSION = YES;
				CLANG_WARN_INFINITE_RECURSION = YES;
				CLANG_WARN_INT_CONVERSION = YES;
				CLANG_WARN_NON_LITERAL_NULL_CONVERSION = YES;
				CLANG_WARN_OBJC_IMPLICIT_RETAIN_SELF = YES;
				CLANG_WARN_OBJC_LITERAL_CONVERSION = YES;
				CLANG_WARN_OBJC_ROOT_CLASS = YES_ERROR;
				CLANG_WARN_QUOTED_INCLUDE_IN_FRAMEWORK_HEADER = YES;
				CLANG_WARN_RANGE_LOOP_ANALYSIS = YES;
				CLANG_WARN_STRICT_PROTOTYPES = YES;
				CLANG_WARN_SUSPICIOUS_MOVE = YES;
				CLANG_WARN_UNGUARDED_AVAILABILITY = YES_AGGRESSIVE;
				CLANG_WARN_UNREACHABLE_CODE = YES;
				CLANG_WARN__DUPLICATE_METHOD_MATCH = YES;
				COPY_PHASE_STRIP = NO;
				DEBUG_INFORMATION_FORMAT = "dwarf-with-dsym";
				ENABLE_NS_ASSERTIONS = NO;
				ENABLE_STRICT_OBJC_MSGSEND = YES;
				ENABLE_USER_SCRIPT_SANDBOXING = NO;
				GCC_C_LANGUAGE_STANDARD = gnu17;
				GCC_NO_COMMON_BLOCKS = YES;
				GCC_WARN_64_TO_32_BIT_CONVERSION = YES;
				GCC_WARN_ABOUT_RETURN_TYPE = YES_ERROR;
				GCC_WARN_UNDECLARED_SELECTOR = YES;
				GCC_WARN_UNINITIALIZED_AUTOS = YES_AGGRESSIVE;
				GCC_WARN_UNUSED_FUNCTION = YES;
				GCC_WARN_UNUSED_VARIABLE = YES;
				IPHONEOS_DEPLOYMENT_TARGET = 17.5;
				LOCALIZATION_PREFERS_STRING_CATALOGS = YES;
				MTL_ENABLE_DEBUG_INFO = NO;
				MTL_FAST_MATH = YES;
				SDKROOT = iphoneos;
				SWIFT_COMPILATION_MODE = wholemodule;
				VALIDATE_PRODUCT = YES;
			};
			name = Release;
		};
		226F00DB2C4EA0A900E36CD4 /* Debug */ = {
			isa = XCBuildConfiguration;
			baseConfigurationReference = B76C16FFBF80F885CFC1963D /* Pods-Ecommerce.debug.xcconfig */;
			buildSettings = {
				ASSETCATALOG_COMPILER_APPICON_NAME = AppIcon;
				ASSETCATALOG_COMPILER_GLOBAL_ACCENT_COLOR_NAME = AccentColor;
				CODE_SIGN_STYLE = Automatic;
				CURRENT_PROJECT_VERSION = 1;
				DEVELOPMENT_TEAM = V6J3RTT4D3;
				GENERATE_INFOPLIST_FILE = YES;
				INFOPLIST_FILE = Ecommerce/Info.plist;
				INFOPLIST_KEY_UIApplicationSupportsIndirectInputEvents = YES;
				INFOPLIST_KEY_UILaunchStoryboardName = LaunchScreen;
				INFOPLIST_KEY_UISupportedInterfaceOrientations_iPad = "UIInterfaceOrientationPortrait UIInterfaceOrientationPortraitUpsideDown UIInterfaceOrientationLandscapeLeft UIInterfaceOrientationLandscapeRight";
				INFOPLIST_KEY_UISupportedInterfaceOrientations_iPhone = "UIInterfaceOrientationPortrait UIInterfaceOrientationLandscapeLeft UIInterfaceOrientationLandscapeRight";
				LD_RUNPATH_SEARCH_PATHS = (
					"$(inherited)",
					"@executable_path/Frameworks",
				);
				MARKETING_VERSION = 1.0;
				PRODUCT_BUNDLE_IDENTIFIER = com.anugrah.Ecommerce;
				PRODUCT_NAME = "$(TARGET_NAME)";
				SUPPORTED_PLATFORMS = "iphoneos iphonesimulator";
				SUPPORTS_MACCATALYST = NO;
				SWIFT_EMIT_LOC_STRINGS = YES;
				SWIFT_VERSION = 5.0;
				TARGETED_DEVICE_FAMILY = 1;
			};
			name = Debug;
		};
		226F00DC2C4EA0A900E36CD4 /* Release */ = {
			isa = XCBuildConfiguration;
			baseConfigurationReference = 05C9E2374231673B743C59BF /* Pods-Ecommerce.release.xcconfig */;
			buildSettings = {
				ASSETCATALOG_COMPILER_APPICON_NAME = AppIcon;
				ASSETCATALOG_COMPILER_GLOBAL_ACCENT_COLOR_NAME = AccentColor;
				CODE_SIGN_STYLE = Automatic;
				CURRENT_PROJECT_VERSION = 1;
				DEVELOPMENT_TEAM = V6J3RTT4D3;
				GENERATE_INFOPLIST_FILE = YES;
				INFOPLIST_FILE = Ecommerce/Info.plist;
				INFOPLIST_KEY_UIApplicationSupportsIndirectInputEvents = YES;
				INFOPLIST_KEY_UILaunchStoryboardName = LaunchScreen;
				INFOPLIST_KEY_UISupportedInterfaceOrientations_iPad = "UIInterfaceOrientationPortrait UIInterfaceOrientationPortraitUpsideDown UIInterfaceOrientationLandscapeLeft UIInterfaceOrientationLandscapeRight";
				INFOPLIST_KEY_UISupportedInterfaceOrientations_iPhone = "UIInterfaceOrientationPortrait UIInterfaceOrientationLandscapeLeft UIInterfaceOrientationLandscapeRight";
				LD_RUNPATH_SEARCH_PATHS = (
					"$(inherited)",
					"@executable_path/Frameworks",
				);
				MARKETING_VERSION = 1.0;
				PRODUCT_BUNDLE_IDENTIFIER = com.anugrah.Ecommerce;
				PRODUCT_NAME = "$(TARGET_NAME)";
				SUPPORTED_PLATFORMS = "iphoneos iphonesimulator";
				SUPPORTS_MACCATALYST = NO;
				SWIFT_EMIT_LOC_STRINGS = YES;
				SWIFT_VERSION = 5.0;
				TARGETED_DEVICE_FAMILY = 1;
			};
			name = Release;
		};
/* End XCBuildConfiguration section */

/* Begin XCConfigurationList section */
		226F00BE2C4EA0A800E36CD4 /* Build configuration list for PBXProject "Ecommerce" */ = {
			isa = XCConfigurationList;
			buildConfigurations = (
				226F00D82C4EA0A900E36CD4 /* Debug */,
				226F00D92C4EA0A900E36CD4 /* Release */,
			);
			defaultConfigurationIsVisible = 0;
			defaultConfigurationName = Release;
		};
		226F00DA2C4EA0A900E36CD4 /* Build configuration list for PBXNativeTarget "Ecommerce" */ = {
			isa = XCConfigurationList;
			buildConfigurations = (
				226F00DB2C4EA0A900E36CD4 /* Debug */,
				226F00DC2C4EA0A900E36CD4 /* Release */,
			);
			defaultConfigurationIsVisible = 0;
			defaultConfigurationName = Release;
		};
/* End XCConfigurationList section */

/* Begin XCVersionGroup section */
		22676DBA2C4EDC9500D6D82B /* Ecommerce.xcdatamodeld */ = {
			isa = XCVersionGroup;
			children = (
				22676DBB2C4EDC9500D6D82B /* Ecommerce.xcdatamodel */,
			);
			currentVersion = 22676DBB2C4EDC9500D6D82B /* Ecommerce.xcdatamodel */;
			name = Ecommerce.xcdatamodeld;
			path = /Users/anugrah/Desktop/Anugrah/Ecommerce/Ecommerce.xcdatamodeld;
			sourceTree = "<group>";
			versionGroupType = wrapper.xcdatamodel;
		};
/* End XCVersionGroup section */
	};
	rootObject = 226F00BB2C4EA0A800E36CD4 /* Project object */;
}
